
Microsoft Visual Studio Solution File, Format Version 9.00
# Visual Studio 2005
Project("{8BC9CEB8-8B4A-11D0-8D11-00A0C91BC942}") = "PocketDjVu", "PocketDjvu\PocketDjvu.vcproj", "{EBAC0589-178D-4DFA-BD0E-E7516F4DD861}"
EndProject
Global
	GlobalSection(SourceCodeControl) = preSolution
		SccNumberOfProjects = 1
		SccProjectUniqueName0 = PocketDjvu\\PocketDjvu.vcproj
		SccProjectName0 = \u0022$/WM/DjvuCE.root/PocketDjVu_root/PocketDjvu\u0022,\u0020ARAAAAAA
		SccLocalPath0 = PocketDjvu
		SccProvider0 = MSSCCI:Microsoft\u0020Visual\u0020SourceSafe
	EndGlobalSection
	GlobalSection(SolutionConfigurationPlatforms) = preSolution
		Debug|Pocket PC 2003 (XScale) = Debug|Pocket PC 2003 (XScale)
		Debug|Windows Mobile 5.0 Pocket PC SDK (XScale) = Debug|Windows Mobile 5.0 Pocket PC SDK (XScale)
		Release|Pocket PC 2003 (XScale) = Release|Pocket PC 2003 (XScale)
		Release|Windows Mobile 5.0 Pocket PC SDK (XScale) = Release|Windows Mobile 5.0 Pocket PC SDK (XScale)
	EndGlobalSection
	GlobalSection(ProjectConfigurationPlatforms) = postSolution
		{EBAC0589-178D-4DFA-BD0E-E7516F4DD861}.Debug|Pocket PC 2003 (XScale).ActiveCfg = Debug|Pocket PC 2003 (ARMV4)
		{EBAC0589-178D-4DFA-BD0E-E7516F4DD861}.Debug|Pocket PC 2003 (XScale).Build.0 = Debug|Pocket PC 2003 (ARMV4)
		{EBAC0589-178D-4DFA-BD0E-E7516F4DD861}.Debug|Pocket PC 2003 (XScale).Deploy.0 = Debug|Pocket PC 2003 (ARMV4)
		{EBAC0589-178D-4DFA-BD0E-E7516F4DD861}.Debug|Windows Mobile 5.0 Pocket PC SDK (XScale).ActiveCfg = Debug|Windows Mobile 5.0 Pocket PC SDK (ARMV4I)
		{EBAC0589-178D-4DFA-BD0E-E7516F4DD861}.Debug|Windows Mobile 5.0 Pocket PC SDK (XScale).Build.0 = Debug|Windows Mobile 5.0 Pocket PC SDK (ARMV4I)
		{EBAC0589-178D-4DFA-BD0E-E7516F4DD861}.Debug|Windows Mobile 5.0 Pocket PC SDK (XScale).Deploy.0 = Debug|Windows Mobile 5.0 Pocket PC SDK (ARMV4I)
		{EBAC0589-178D-4DFA-BD0E-E7516F4DD861}.Release|Pocket PC 2003 (XScale).ActiveCfg = Release|Pocket PC 2003 (ARMV4)
		{EBAC0589-178D-4DFA-BD0E-E7516F4DD861}.Release|Pocket PC 2003 (XScale).Build.0 = Release|Pocket PC 2003 (ARMV4)
		{EBAC0589-178D-4DFA-BD0E-E7516F4DD861}.Release|Pocket PC 2003 (XScale).Deploy.0 = Release|Pocket PC 2003 (ARMV4)
		{EBAC0589-178D-4DFA-BD0E-E7516F4DD861}.Release|Windows Mobile 5.0 Pocket PC SDK (XScale).ActiveCfg = Release|Windows Mobile 5.0 Pocket PC SDK (ARMV4I)
		{EBAC0589-178D-4DFA-BD0E-E7516F4DD861}.Release|Windows Mobile 5.0 Pocket PC SDK (XScale).Build.0 = Release|Windows Mobile 5.0 Pocket PC SDK (ARMV4I)
		{EBAC0589-178D-4DFA-BD0E-E7516F4DD861}.Release|Windows Mobile 5.0 Pocket PC SDK (XScale).Deploy.0 = Release|Windows Mobile 5.0 Pocket PC SDK (ARMV4I)
	EndGlobalSection
	GlobalSection(SolutionProperties) = preSolution
		HideSolutionNode = FALSE
	EndGlobalSection
EndGlobal
